// !$*UTF8*$!
{
	archiveVersion = 1;
	classes = {
	};
	objectVersion = 56;
	objects = {

/* Begin PBXBuildFile section */
		5D017A6A2A57169F0043F05D /* Models.swift in Sources */ = {isa = PBXBuildFile; fileRef = 5D017A692A57169F0043F05D /* Models.swift */; };
		5D017A6D2A5717080043F05D /* CustomCellForRepoTableTableViewCell.swift in Sources */ = {isa = PBXBuildFile; fileRef = 5D017A6B2A5717080043F05D /* CustomCellForRepoTableTableViewCell.swift */; };
		5D017A6E2A5717080043F05D /* CustomCellForRepoTableTableViewCell.xib in Resources */ = {isa = PBXBuildFile; fileRef = 5D017A6C2A5717080043F05D /* CustomCellForRepoTableTableViewCell.xib */; };
		5D4973AE2A5A7006004FDB43 /* coding.png in Resources */ = {isa = PBXBuildFile; fileRef = 5D4973AD2A5A7006004FDB43 /* coding.png */; };
		5D4973B02A5A75A3004FDB43 /* user.png in Resources */ = {isa = PBXBuildFile; fileRef = 5D4973AF2A5A75A3004FDB43 /* user.png */; };
		5D4973B22A5A7628004FDB43 /* github.png in Resources */ = {isa = PBXBuildFile; fileRef = 5D4973B12A5A7628004FDB43 /* github.png */; };
		5D4973B52A5A9AFF004FDB43 /* Download.swift in Sources */ = {isa = PBXBuildFile; fileRef = 5D4973B42A5A9AFF004FDB43 /* Download.swift */; };
		5D4973B72A5BEF32004FDB43 /* clock.png in Resources */ = {isa = PBXBuildFile; fileRef = 5D4973B62A5BEF32004FDB43 /* clock.png */; };
		5D4973C02A5D59BE004FDB43 /* home.png in Resources */ = {isa = PBXBuildFile; fileRef = 5D4973BF2A5D59BE004FDB43 /* home.png */; };
		5D4973C62A5DECF8004FDB43 /* APIHandling.swift in Sources */ = {isa = PBXBuildFile; fileRef = 5D4973C52A5DECF8004FDB43 /* APIHandling.swift */; };
		5D4FF5492A56A8B3004537B5 /* CollectionViewCell.swift in Sources */ = {isa = PBXBuildFile; fileRef = 5D4FF5472A56A8B3004537B5 /* CollectionViewCell.swift */; };
		5D4FF54A2A56A8B3004537B5 /* CollectionViewCell.xib in Resources */ = {isa = PBXBuildFile; fileRef = 5D4FF5482A56A8B3004537B5 /* CollectionViewCell.xib */; };
		5D5B98322A53E85D00F56EE4 /* AppDelegate.swift in Sources */ = {isa = PBXBuildFile; fileRef = 5D5B98312A53E85D00F56EE4 /* AppDelegate.swift */; };
		5D5B98342A53E85D00F56EE4 /* SceneDelegate.swift in Sources */ = {isa = PBXBuildFile; fileRef = 5D5B98332A53E85D00F56EE4 /* SceneDelegate.swift */; };
		5D5B98362A53E85D00F56EE4 /* ViewController.swift in Sources */ = {isa = PBXBuildFile; fileRef = 5D5B98352A53E85D00F56EE4 /* ViewController.swift */; };
		5D5B98392A53E85D00F56EE4 /* Main.storyboard in Resources */ = {isa = PBXBuildFile; fileRef = 5D5B98372A53E85D00F56EE4 /* Main.storyboard */; };
		5D5B983B2A53E85F00F56EE4 /* Assets.xcassets in Resources */ = {isa = PBXBuildFile; fileRef = 5D5B983A2A53E85F00F56EE4 /* Assets.xcassets */; };
		5D5B983E2A53E85F00F56EE4 /* LaunchScreen.storyboard in Resources */ = {isa = PBXBuildFile; fileRef = 5D5B983C2A53E85F00F56EE4 /* LaunchScreen.storyboard */; };
		5D5B984B2A53EA7D00F56EE4 /* ContributorsViewController.swift in Sources */ = {isa = PBXBuildFile; fileRef = 5D5B984A2A53EA7D00F56EE4 /* ContributorsViewController.swift */; };
		5D5B984D2A53EA9000F56EE4 /* ProfileViewController.swift in Sources */ = {isa = PBXBuildFile; fileRef = 5D5B984C2A53EA9000F56EE4 /* ProfileViewController.swift */; };
		5D5B98542A540D8A00F56EE4 /* HeaderView.xib in Resources */ = {isa = PBXBuildFile; fileRef = 5D5B98532A540D8A00F56EE4 /* HeaderView.xib */; };
		5D5B98562A540DA000F56EE4 /* HeaderView.swift in Sources */ = {isa = PBXBuildFile; fileRef = 5D5B98552A540DA000F56EE4 /* HeaderView.swift */; };
		5D7260A52A57538B00A44A43 /* TableViewCellContri.swift in Sources */ = {isa = PBXBuildFile; fileRef = 5D7260A32A57538B00A44A43 /* TableViewCellContri.swift */; };
		5D7260A62A57538B00A44A43 /* TableViewCellContri.xib in Resources */ = {isa = PBXBuildFile; fileRef = 5D7260A42A57538B00A44A43 /* TableViewCellContri.xib */; };
		5D797F1C2A55567C00043E94 /* ApiManager.swift in Sources */ = {isa = PBXBuildFile; fileRef = 5D797F1B2A55567C00043E94 /* ApiManager.swift */; };
		5D797F202A55B92300043E94 /* LoginViewController.swift in Sources */ = {isa = PBXBuildFile; fileRef = 5D797F1F2A55B92300043E94 /* LoginViewController.swift */; };
		5D797F222A56872E00043E94 /* LoginHeaderView.xib in Resources */ = {isa = PBXBuildFile; fileRef = 5D797F212A56872E00043E94 /* LoginHeaderView.xib */; };
		5D797F242A56879300043E94 /* LoginHeaderView.swift in Sources */ = {isa = PBXBuildFile; fileRef = 5D797F232A56879300043E94 /* LoginHeaderView.swift */; };
		5DB31FFF2A5A6D8B00740442 /* code.png in Resources */ = {isa = PBXBuildFile; fileRef = 5DB31FFE2A5A6D8B00740442 /* code.png */; };
		5DC1A5032A5837C4004C5678 /* CollectionViewCellRepoCollectionViewCell.swift in Sources */ = {isa = PBXBuildFile; fileRef = 5DC1A5012A5837C4004C5678 /* CollectionViewCellRepoCollectionViewCell.swift */; };
		5DC1A5042A5837C4004C5678 /* CollectionViewCellRepoCollectionViewCell.xib in Resources */ = {isa = PBXBuildFile; fileRef = 5DC1A5022A5837C4004C5678 /* CollectionViewCellRepoCollectionViewCell.xib */; };
		5DC1A5072A5867F1004C5678 /* image1.png in Resources */ = {isa = PBXBuildFile; fileRef = 5DC1A5052A5867F0004C5678 /* image1.png */; };
		5DC1A50A2A586A41004C5678 /* image3.png in Resources */ = {isa = PBXBuildFile; fileRef = 5DC1A5092A586A40004C5678 /* image3.png */; };
		5DC1A50E2A586CB6004C5678 /* image2.png in Resources */ = {isa = PBXBuildFile; fileRef = 5DC1A50D2A586CB6004C5678 /* image2.png */; };
/* End PBXBuildFile section */

/* Begin PBXFileReference section */
		5D017A692A57169F0043F05D /* Models.swift */ = {isa = PBXFileReference; lastKnownFileType = sourcecode.swift; path = Models.swift; sourceTree = "<group>"; };
		5D017A6B2A5717080043F05D /* CustomCellForRepoTableTableViewCell.swift */ = {isa = PBXFileReference; lastKnownFileType = sourcecode.swift; path = CustomCellForRepoTableTableViewCell.swift; sourceTree = "<group>"; };
		5D017A6C2A5717080043F05D /* CustomCellForRepoTableTableViewCell.xib */ = {isa = PBXFileReference; lastKnownFileType = file.xib; path = CustomCellForRepoTableTableViewCell.xib; sourceTree = "<group>"; };
		5D4973AD2A5A7006004FDB43 /* coding.png */ = {isa = PBXFileReference; lastKnownFileType = image.png; path = coding.png; sourceTree = "<group>"; };
		5D4973AF2A5A75A3004FDB43 /* user.png */ = {isa = PBXFileReference; lastKnownFileType = image.png; path = user.png; sourceTree = "<group>"; };
		5D4973B12A5A7628004FDB43 /* github.png */ = {isa = PBXFileReference; lastKnownFileType = image.png; path = github.png; sourceTree = "<group>"; };
		5D4973B42A5A9AFF004FDB43 /* Download.swift */ = {isa = PBXFileReference; lastKnownFileType = sourcecode.swift; path = Download.swift; sourceTree = "<group>"; };
		5D4973B62A5BEF32004FDB43 /* clock.png */ = {isa = PBXFileReference; lastKnownFileType = image.png; path = clock.png; sourceTree = "<group>"; };
		5D4973BF2A5D59BE004FDB43 /* home.png */ = {isa = PBXFileReference; lastKnownFileType = image.png; path = home.png; sourceTree = "<group>"; };
		5D4973C52A5DECF8004FDB43 /* APIHandling.swift */ = {isa = PBXFileReference; lastKnownFileType = sourcecode.swift; path = APIHandling.swift; sourceTree = "<group>"; };
		5D4FF5472A56A8B3004537B5 /* CollectionViewCell.swift */ = {isa = PBXFileReference; lastKnownFileType = sourcecode.swift; path = CollectionViewCell.swift; sourceTree = "<group>"; };
		5D4FF5482A56A8B3004537B5 /* CollectionViewCell.xib */ = {isa = PBXFileReference; lastKnownFileType = file.xib; path = CollectionViewCell.xib; sourceTree = "<group>"; };
		5D5B982E2A53E85D00F56EE4 /* Github_user_ios.app */ = {isa = PBXFileReference; explicitFileType = wrapper.application; includeInIndex = 0; path = Github_user_ios.app; sourceTree = BUILT_PRODUCTS_DIR; };
		5D5B98312A53E85D00F56EE4 /* AppDelegate.swift */ = {isa = PBXFileReference; lastKnownFileType = sourcecode.swift; path = AppDelegate.swift; sourceTree = "<group>"; };
		5D5B98332A53E85D00F56EE4 /* SceneDelegate.swift */ = {isa = PBXFileReference; lastKnownFileType = sourcecode.swift; path = SceneDelegate.swift; sourceTree = "<group>"; };
		5D5B98352A53E85D00F56EE4 /* ViewController.swift */ = {isa = PBXFileReference; lastKnownFileType = sourcecode.swift; path = ViewController.swift; sourceTree = "<group>"; };
		5D5B98382A53E85D00F56EE4 /* Base */ = {isa = PBXFileReference; lastKnownFileType = file.storyboard; name = Base; path = Base.lproj/Main.storyboard; sourceTree = "<group>"; };
		5D5B983A2A53E85F00F56EE4 /* Assets.xcassets */ = {isa = PBXFileReference; lastKnownFileType = folder.assetcatalog; path = Assets.xcassets; sourceTree = "<group>"; };
		5D5B983D2A53E85F00F56EE4 /* Base */ = {isa = PBXFileReference; lastKnownFileType = file.storyboard; name = Base; path = Base.lproj/LaunchScreen.storyboard; sourceTree = "<group>"; };
		5D5B983F2A53E85F00F56EE4 /* Info.plist */ = {isa = PBXFileReference; lastKnownFileType = text.plist.xml; path = Info.plist; sourceTree = "<group>"; };
		5D5B984A2A53EA7D00F56EE4 /* ContributorsViewController.swift */ = {isa = PBXFileReference; lastKnownFileType = sourcecode.swift; path = ContributorsViewController.swift; sourceTree = "<group>"; };
		5D5B984C2A53EA9000F56EE4 /* ProfileViewController.swift */ = {isa = PBXFileReference; lastKnownFileType = sourcecode.swift; path = ProfileViewController.swift; sourceTree = "<group>"; };
		5D5B98532A540D8A00F56EE4 /* HeaderView.xib */ = {isa = PBXFileReference; lastKnownFileType = file.xib; path = HeaderView.xib; sourceTree = "<group>"; };
		5D5B98552A540DA000F56EE4 /* HeaderView.swift */ = {isa = PBXFileReference; lastKnownFileType = sourcecode.swift; path = HeaderView.swift; sourceTree = "<group>"; };
		5D7260A32A57538B00A44A43 /* TableViewCellContri.swift */ = {isa = PBXFileReference; lastKnownFileType = sourcecode.swift; path = TableViewCellContri.swift; sourceTree = "<group>"; };
		5D7260A42A57538B00A44A43 /* TableViewCellContri.xib */ = {isa = PBXFileReference; lastKnownFileType = file.xib; path = TableViewCellContri.xib; sourceTree = "<group>"; };
		5D797F1B2A55567C00043E94 /* ApiManager.swift */ = {isa = PBXFileReference; lastKnownFileType = sourcecode.swift; path = ApiManager.swift; sourceTree = "<group>"; };
		5D797F1F2A55B92300043E94 /* LoginViewController.swift */ = {isa = PBXFileReference; lastKnownFileType = sourcecode.swift; path = LoginViewController.swift; sourceTree = "<group>"; };
		5D797F212A56872E00043E94 /* LoginHeaderView.xib */ = {isa = PBXFileReference; lastKnownFileType = file.xib; path = LoginHeaderView.xib; sourceTree = "<group>"; };
		5D797F232A56879300043E94 /* LoginHeaderView.swift */ = {isa = PBXFileReference; lastKnownFileType = sourcecode.swift; path = LoginHeaderView.swift; sourceTree = "<group>"; };
		5DB31FFE2A5A6D8B00740442 /* code.png */ = {isa = PBXFileReference; lastKnownFileType = image.png; path = code.png; sourceTree = "<group>"; };
		5DC1A5012A5837C4004C5678 /* CollectionViewCellRepoCollectionViewCell.swift */ = {isa = PBXFileReference; lastKnownFileType = sourcecode.swift; path = CollectionViewCellRepoCollectionViewCell.swift; sourceTree = "<group>"; };
		5DC1A5022A5837C4004C5678 /* CollectionViewCellRepoCollectionViewCell.xib */ = {isa = PBXFileReference; lastKnownFileType = file.xib; path = CollectionViewCellRepoCollectionViewCell.xib; sourceTree = "<group>"; };
		5DC1A5052A5867F0004C5678 /* image1.png */ = {isa = PBXFileReference; lastKnownFileType = image.png; path = image1.png; sourceTree = "<group>"; };
		5DC1A5092A586A40004C5678 /* image3.png */ = {isa = PBXFileReference; lastKnownFileType = image.png; path = image3.png; sourceTree = "<group>"; };
		5DC1A50D2A586CB6004C5678 /* image2.png */ = {isa = PBXFileReference; lastKnownFileType = image.png; path = image2.png; sourceTree = "<group>"; };
/* End PBXFileReference section */

/* Begin PBXFrameworksBuildPhase section */
		5D5B982B2A53E85D00F56EE4 /* Frameworks */ = {
			isa = PBXFrameworksBuildPhase;
			buildActionMask = 2147483647;
			files = (
			);
			runOnlyForDeploymentPostprocessing = 0;
		};
/* End PBXFrameworksBuildPhase section */

/* Begin PBXGroup section */
		5D4973B32A5A9AE6004FDB43 /* Utilities */ = {
			isa = PBXGroup;
			children = (
				5D4973B42A5A9AFF004FDB43 /* Download.swift */,
			);
			path = Utilities;
			sourceTree = "<group>";
		};
		5D5B98252A53E85D00F56EE4 = {
			isa = PBXGroup;
			children = (
				5D5B98302A53E85D00F56EE4 /* Github_user_ios */,
				5D5B982F2A53E85D00F56EE4 /* Products */,
			);
			sourceTree = "<group>";
		};
		5D5B982F2A53E85D00F56EE4 /* Products */ = {
			isa = PBXGroup;
			children = (
				5D5B982E2A53E85D00F56EE4 /* Github_user_ios.app */,
			);
			name = Products;
			sourceTree = "<group>";
		};
		5D5B98302A53E85D00F56EE4 /* Github_user_ios */ = {
			isa = PBXGroup;
			children = (
				5D4973B32A5A9AE6004FDB43 /* Utilities */,
				5D797F1A2A55565200043E94 /* Networking */,
				5D797F112A554E8C00043E94 /* Model */,
				5D5B984E2A53FC9400F56EE4 /* Views */,
				5D5B98452A53E9FD00F56EE4 /* View Controllers */,
				5D797F142A5553AC00043E94 /* Others */,
				5D5B983F2A53E85F00F56EE4 /* Info.plist */,
			);
			path = Github_user_ios;
			sourceTree = "<group>";
		};
		5D5B98452A53E9FD00F56EE4 /* View Controllers */ = {
			isa = PBXGroup;
			children = (
				5D5B984A2A53EA7D00F56EE4 /* ContributorsViewController.swift */,
				5D5B984C2A53EA9000F56EE4 /* ProfileViewController.swift */,
				5D797F1F2A55B92300043E94 /* LoginViewController.swift */,
			);
			path = "View Controllers";
			sourceTree = "<group>";
		};
		5D5B984E2A53FC9400F56EE4 /* Views */ = {
			isa = PBXGroup;
			children = (
				5D5B98532A540D8A00F56EE4 /* HeaderView.xib */,
				5D5B98552A540DA000F56EE4 /* HeaderView.swift */,
				5DC1A5012A5837C4004C5678 /* CollectionViewCellRepoCollectionViewCell.swift */,
				5DC1A5022A5837C4004C5678 /* CollectionViewCellRepoCollectionViewCell.xib */,
				5D4FF5472A56A8B3004537B5 /* CollectionViewCell.swift */,
				5D4FF5482A56A8B3004537B5 /* CollectionViewCell.xib */,
				5D797F212A56872E00043E94 /* LoginHeaderView.xib */,
				5D797F232A56879300043E94 /* LoginHeaderView.swift */,
				5D017A6B2A5717080043F05D /* CustomCellForRepoTableTableViewCell.swift */,
				5D017A6C2A5717080043F05D /* CustomCellForRepoTableTableViewCell.xib */,
				5D5B983C2A53E85F00F56EE4 /* LaunchScreen.storyboard */,
				5D7260A32A57538B00A44A43 /* TableViewCellContri.swift */,
				5D7260A42A57538B00A44A43 /* TableViewCellContri.xib */,
				5D5B98372A53E85D00F56EE4 /* Main.storyboard */,
			);
			path = Views;
			sourceTree = "<group>";
		};
		5D797F112A554E8C00043E94 /* Model */ = {
			isa = PBXGroup;
			children = (
				5D017A692A57169F0043F05D /* Models.swift */,
			);
			path = Model;
			sourceTree = "<group>";
		};
		5D797F142A5553AC00043E94 /* Others */ = {
			isa = PBXGroup;
			children = (
				5D4973B62A5BEF32004FDB43 /* clock.png */,
				5D5B98332A53E85D00F56EE4 /* SceneDelegate.swift */,
				5D5B98312A53E85D00F56EE4 /* AppDelegate.swift */,
				5D5B98352A53E85D00F56EE4 /* ViewController.swift */,
				5D5B983A2A53E85F00F56EE4 /* Assets.xcassets */,
				5D4973BF2A5D59BE004FDB43 /* home.png */,
				5DC1A50D2A586CB6004C5678 /* image2.png */,
				5D4973B12A5A7628004FDB43 /* github.png */,
				5DB31FFE2A5A6D8B00740442 /* code.png */,
				5D4973AF2A5A75A3004FDB43 /* user.png */,
				5D4973AD2A5A7006004FDB43 /* coding.png */,
				5DC1A5092A586A40004C5678 /* image3.png */,
				5DC1A5052A5867F0004C5678 /* image1.png */,
			);
			path = Others;
			sourceTree = "<group>";
		};
		5D797F1A2A55565200043E94 /* Networking */ = {
			isa = PBXGroup;
			children = (
				5D797F1B2A55567C00043E94 /* ApiManager.swift */,
				5D4973C52A5DECF8004FDB43 /* APIHandling.swift */,
			);
			path = Networking;
			sourceTree = "<group>";
		};
/* End PBXGroup section */

/* Begin PBXNativeTarget section */
		5D5B982D2A53E85D00F56EE4 /* Github_user_ios */ = {
			isa = PBXNativeTarget;
			buildConfigurationList = 5D5B98422A53E85F00F56EE4 /* Build configuration list for PBXNativeTarget "Github_user_ios" */;
			buildPhases = (
				5D5B982A2A53E85D00F56EE4 /* Sources */,
				5D5B982B2A53E85D00F56EE4 /* Frameworks */,
				5D5B982C2A53E85D00F56EE4 /* Resources */,
			);
			buildRules = (
			);
			dependencies = (
			);
			name = Github_user_ios;
			productName = Github_user_ios;
			productReference = 5D5B982E2A53E85D00F56EE4 /* Github_user_ios.app */;
			productType = "com.apple.product-type.application";
		};
/* End PBXNativeTarget section */

/* Begin PBXProject section */
		5D5B98262A53E85D00F56EE4 /* Project object */ = {
			isa = PBXProject;
			attributes = {
				BuildIndependentTargetsInParallel = 1;
				LastSwiftUpdateCheck = 1420;
				LastUpgradeCheck = 1420;
				TargetAttributes = {
					5D5B982D2A53E85D00F56EE4 = {
						CreatedOnToolsVersion = 14.2;
					};
				};
			};
			buildConfigurationList = 5D5B98292A53E85D00F56EE4 /* Build configuration list for PBXProject "Github_user_ios" */;
			compatibilityVersion = "Xcode 14.0";
			developmentRegion = en;
			hasScannedForEncodings = 0;
			knownRegions = (
				en,
				Base,
			);
			mainGroup = 5D5B98252A53E85D00F56EE4;
			productRefGroup = 5D5B982F2A53E85D00F56EE4 /* Products */;
			projectDirPath = "";
			projectRoot = "";
			targets = (
				5D5B982D2A53E85D00F56EE4 /* Github_user_ios */,
			);
		};
/* End PBXProject section */

/* Begin PBXResourcesBuildPhase section */
		5D5B982C2A53E85D00F56EE4 /* Resources */ = {
			isa = PBXResourcesBuildPhase;
			buildActionMask = 2147483647;
			files = (
				5D4973B22A5A7628004FDB43 /* github.png in Resources */,
				5D4FF54A2A56A8B3004537B5 /* CollectionViewCell.xib in Resources */,
				5D4973C02A5D59BE004FDB43 /* home.png in Resources */,
				5D4973B72A5BEF32004FDB43 /* clock.png in Resources */,
				5DB31FFF2A5A6D8B00740442 /* code.png in Resources */,
				5DC1A5072A5867F1004C5678 /* image1.png in Resources */,
				5DC1A50E2A586CB6004C5678 /* image2.png in Resources */,
				5DC1A5042A5837C4004C5678 /* CollectionViewCellRepoCollectionViewCell.xib in Resources */,
				5D5B983E2A53E85F00F56EE4 /* LaunchScreen.storyboard in Resources */,
				5D7260A62A57538B00A44A43 /* TableViewCellContri.xib in Resources */,
				5D5B983B2A53E85F00F56EE4 /* Assets.xcassets in Resources */,
				5DC1A50A2A586A41004C5678 /* image3.png in Resources */,
				5D4973AE2A5A7006004FDB43 /* coding.png in Resources */,
				5D797F222A56872E00043E94 /* LoginHeaderView.xib in Resources */,
				5D4973B02A5A75A3004FDB43 /* user.png in Resources */,
				5D5B98392A53E85D00F56EE4 /* Main.storyboard in Resources */,
				5D5B98542A540D8A00F56EE4 /* HeaderView.xib in Resources */,
				5D017A6E2A5717080043F05D /* CustomCellForRepoTableTableViewCell.xib in Resources */,
			);
			runOnlyForDeploymentPostprocessing = 0;
		};
/* End PBXResourcesBuildPhase section */

/* Begin PBXSourcesBuildPhase section */
		5D5B982A2A53E85D00F56EE4 /* Sources */ = {
			isa = PBXSourcesBuildPhase;
			buildActionMask = 2147483647;
			files = (
				5D017A6A2A57169F0043F05D /* Models.swift in Sources */,
				5D797F202A55B92300043E94 /* LoginViewController.swift in Sources */,
				5D797F242A56879300043E94 /* LoginHeaderView.swift in Sources */,
				5D017A6D2A5717080043F05D /* CustomCellForRepoTableTableViewCell.swift in Sources */,
				5D4FF5492A56A8B3004537B5 /* CollectionViewCell.swift in Sources */,
				5D5B984B2A53EA7D00F56EE4 /* ContributorsViewController.swift in Sources */,
				5D7260A52A57538B00A44A43 /* TableViewCellContri.swift in Sources */,
				5D5B98562A540DA000F56EE4 /* HeaderView.swift in Sources */,
				5D5B98362A53E85D00F56EE4 /* ViewController.swift in Sources */,
				5D4973B52A5A9AFF004FDB43 /* Download.swift in Sources */,
				5D797F1C2A55567C00043E94 /* ApiManager.swift in Sources */,
				5D4973C62A5DECF8004FDB43 /* APIHandling.swift in Sources */,
				5D5B984D2A53EA9000F56EE4 /* ProfileViewController.swift in Sources */,
				5D5B98322A53E85D00F56EE4 /* AppDelegate.swift in Sources */,
				5D5B98342A53E85D00F56EE4 /* SceneDelegate.swift in Sources */,
				5DC1A5032A5837C4004C5678 /* CollectionViewCellRepoCollectionViewCell.swift in Sources */,
			);
			runOnlyForDeploymentPostprocessing = 0;
		};
/* End PBXSourcesBuildPhase section */

/* Begin PBXVariantGroup section */
		5D5B98372A53E85D00F56EE4 /* Main.storyboard */ = {
			isa = PBXVariantGroup;
			children = (
				5D5B98382A53E85D00F56EE4 /* Base */,
			);
			name = Main.storyboard;
			sourceTree = "<group>";
		};
		5D5B983C2A53E85F00F56EE4 /* LaunchScreen.storyboard */ = {
			isa = PBXVariantGroup;
			children = (
				5D5B983D2A53E85F00F56EE4 /* Base */,
			);
			name = LaunchScreen.storyboard;
			sourceTree = "<group>";
		};
/* End PBXVariantGroup section */

/* Begin XCBuildConfiguration section */
		5D5B98402A53E85F00F56EE4 /* Debug */ = {
			isa = XCBuildConfiguration;
			buildSettings = {
				ALWAYS_SEARCH_USER_PATHS = NO;
				CLANG_ANALYZER_NONNULL = YES;
				CLANG_ANALYZER_NUMBER_OBJECT_CONVERSION = YES_AGGRESSIVE;
				CLANG_CXX_LANGUAGE_STANDARD = "gnu++20";
				CLANG_ENABLE_MODULES = YES;
				CLANG_ENABLE_OBJC_ARC = YES;
				CLANG_ENABLE_OBJC_WEAK = YES;
				CLANG_WARN_BLOCK_CAPTURE_AUTORELEASING = YES;
				CLANG_WARN_BOOL_CONVERSION = YES;
				CLANG_WARN_COMMA = YES;
				CLANG_WARN_CONSTANT_CONVERSION = YES;
				CLANG_WARN_DEPRECATED_OBJC_IMPLEMENTATIONS = YES;
				CLANG_WARN_DIRECT_OBJC_ISA_USAGE = YES_ERROR;
				CLANG_WARN_DOCUMENTATION_COMMENTS = YES;
				CLANG_WARN_EMPTY_BODY = YES;
				CLANG_WARN_ENUM_CONVERSION = YES;
				CLANG_WARN_INFINITE_RECURSION = YES;
				CLANG_WARN_INT_CONVERSION = YES;
				CLANG_WARN_NON_LITERAL_NULL_CONVERSION = YES;
				CLANG_WARN_OBJC_IMPLICIT_RETAIN_SELF = YES;
				CLANG_WARN_OBJC_LITERAL_CONVERSION = YES;
				CLANG_WARN_OBJC_ROOT_CLASS = YES_ERROR;
				CLANG_WARN_QUOTED_INCLUDE_IN_FRAMEWORK_HEADER = YES;
				CLANG_WARN_RANGE_LOOP_ANALYSIS = YES;
				CLANG_WARN_STRICT_PROTOTYPES = YES;
				CLANG_WARN_SUSPICIOUS_MOVE = YES;
				CLANG_WARN_UNGUARDED_AVAILABILITY = YES_AGGRESSIVE;
				CLANG_WARN_UNREACHABLE_CODE = YES;
				CLANG_WARN__DUPLICATE_METHOD_MATCH = YES;
				COPY_PHASE_STRIP = NO;
				DEBUG_INFORMATION_FORMAT = dwarf;
				ENABLE_STRICT_OBJC_MSGSEND = YES;
				ENABLE_TESTABILITY = YES;
				GCC_C_LANGUAGE_STANDARD = gnu11;
				GCC_DYNAMIC_NO_PIC = NO;
				GCC_NO_COMMON_BLOCKS = YES;
				GCC_OPTIMIZATION_LEVEL = 0;
				GCC_PREPROCESSOR_DEFINITIONS = (
					"DEBUG=1",
					"$(inherited)",
				);
				GCC_WARN_64_TO_32_BIT_CONVERSION = YES;
				GCC_WARN_ABOUT_RETURN_TYPE = YES_ERROR;
				GCC_WARN_UNDECLARED_SELECTOR = YES;
				GCC_WARN_UNINITIALIZED_AUTOS = YES_AGGRESSIVE;
				GCC_WARN_UNUSED_FUNCTION = YES;
				GCC_WARN_UNUSED_VARIABLE = YES;
				IPHONEOS_DEPLOYMENT_TARGET = 16.2;
				MTL_ENABLE_DEBUG_INFO = INCLUDE_SOURCE;
				MTL_FAST_MATH = YES;
				ONLY_ACTIVE_ARCH = YES;
				SDKROOT = iphoneos;
				SWIFT_ACTIVE_COMPILATION_CONDITIONS = DEBUG;
				SWIFT_OPTIMIZATION_LEVEL = "-Onone";
			};
			name = Debug;
		};
		5D5B98412A53E85F00F56EE4 /* Release */ = {
			isa = XCBuildConfiguration;
			buildSettings = {
				ALWAYS_SEARCH_USER_PATHS = NO;
				CLANG_ANALYZER_NONNULL = YES;
				CLANG_ANALYZER_NUMBER_OBJECT_CONVERSION = YES_AGGRESSIVE;
				CLANG_CXX_LANGUAGE_STANDARD = "gnu++20";
				CLANG_ENABLE_MODULES = YES;
				CLANG_ENABLE_OBJC_ARC = YES;
				CLANG_ENABLE_OBJC_WEAK = YES;
				CLANG_WARN_BLOCK_CAPTURE_AUTORELEASING = YES;
				CLANG_WARN_BOOL_CONVERSION = YES;
				CLANG_WARN_COMMA = YES;
				CLANG_WARN_CONSTANT_CONVERSION = YES;
				CLANG_WARN_DEPRECATED_OBJC_IMPLEMENTATIONS = YES;
				CLANG_WARN_DIRECT_OBJC_ISA_USAGE = YES_ERROR;
				CLANG_WARN_DOCUMENTATION_COMMENTS = YES;
				CLANG_WARN_EMPTY_BODY = YES;
				CLANG_WARN_ENUM_CONVERSION = YES;
				CLANG_WARN_INFINITE_RECURSION = YES;
				CLANG_WARN_INT_CONVERSION = YES;
				CLANG_WARN_NON_LITERAL_NULL_CONVERSION = YES;
				CLANG_WARN_OBJC_IMPLICIT_RETAIN_SELF = YES;
				CLANG_WARN_OBJC_LITERAL_CONVERSION = YES;
				CLANG_WARN_OBJC_ROOT_CLASS = YES_ERROR;
				CLANG_WARN_QUOTED_INCLUDE_IN_FRAMEWORK_HEADER = YES;
				CLANG_WARN_RANGE_LOOP_ANALYSIS = YES;
				CLANG_WARN_STRICT_PROTOTYPES = YES;
				CLANG_WARN_SUSPICIOUS_MOVE = YES;
				CLANG_WARN_UNGUARDED_AVAILABILITY = YES_AGGRESSIVE;
				CLANG_WARN_UNREACHABLE_CODE = YES;
				CLANG_WARN__DUPLICATE_METHOD_MATCH = YES;
				COPY_PHASE_STRIP = NO;
				DEBUG_INFORMATION_FORMAT = "dwarf-with-dsym";
				ENABLE_NS_ASSERTIONS = NO;
				ENABLE_STRICT_OBJC_MSGSEND = YES;
				GCC_C_LANGUAGE_STANDARD = gnu11;
				GCC_NO_COMMON_BLOCKS = YES;
				GCC_WARN_64_TO_32_BIT_CONVERSION = YES;
				GCC_WARN_ABOUT_RETURN_TYPE = YES_ERROR;
				GCC_WARN_UNDECLARED_SELECTOR = YES;
				GCC_WARN_UNINITIALIZED_AUTOS = YES_AGGRESSIVE;
				GCC_WARN_UNUSED_FUNCTION = YES;
				GCC_WARN_UNUSED_VARIABLE = YES;
				IPHONEOS_DEPLOYMENT_TARGET = 16.2;
				MTL_ENABLE_DEBUG_INFO = NO;
				MTL_FAST_MATH = YES;
				SDKROOT = iphoneos;
				SWIFT_COMPILATION_MODE = wholemodule;
				SWIFT_OPTIMIZATION_LEVEL = "-O";
				VALIDATE_PRODUCT = YES;
			};
			name = Release;
		};
		5D5B98432A53E85F00F56EE4 /* Debug */ = {
			isa = XCBuildConfiguration;
			buildSettings = {
				ASSETCATALOG_COMPILER_APPICON_NAME = AppIcon;
				ASSETCATALOG_COMPILER_GLOBAL_ACCENT_COLOR_NAME = AccentColor;
				CODE_SIGN_STYLE = Automatic;
				CURRENT_PROJECT_VERSION = 1;
				DEVELOPMENT_TEAM = SJBBCP247C;
				GENERATE_INFOPLIST_FILE = YES;
				INFOPLIST_FILE = Github_user_ios/Info.plist;
				INFOPLIST_KEY_UIApplicationSupportsIndirectInputEvents = YES;
				INFOPLIST_KEY_UILaunchStoryboardName = LaunchScreen;
				INFOPLIST_KEY_UIMainStoryboardFile = Main;
				INFOPLIST_KEY_UISupportedInterfaceOrientations_iPad = "UIInterfaceOrientationPortrait UIInterfaceOrientationPortraitUpsideDown UIInterfaceOrientationLandscapeLeft UIInterfaceOrientationLandscapeRight";
				INFOPLIST_KEY_UISupportedInterfaceOrientations_iPhone = "UIInterfaceOrientationPortrait UIInterfaceOrientationLandscapeLeft UIInterfaceOrientationLandscapeRight";
				LD_RUNPATH_SEARCH_PATHS = (
					"$(inherited)",
					"@executable_path/Frameworks",
				);
				MARKETING_VERSION = 1.0;
				PRODUCT_BUNDLE_IDENTIFIER = "com.myfirstproject.Github-user-ios";
				PRODUCT_NAME = "$(TARGET_NAME)";
				SWIFT_EMIT_LOC_STRINGS = YES;
				SWIFT_VERSION = 5.0;
				TARGETED_DEVICE_FAMILY = "1,2";
			};
			name = Debug;
		};
		5D5B98442A53E85F00F56EE4 /* Release */ = {
			isa = XCBuildConfiguration;
			buildSettings = {
				ASSETCATALOG_COMPILER_APPICON_NAME = AppIcon;
				ASSETCATALOG_COMPILER_GLOBAL_ACCENT_COLOR_NAME = AccentColor;
				CODE_SIGN_STYLE = Automatic;
				CURRENT_PROJECT_VERSION = 1;
				DEVELOPMENT_TEAM = SJBBCP247C;
				GENERATE_INFOPLIST_FILE = YES;
				INFOPLIST_FILE = Github_user_ios/Info.plist;
				INFOPLIST_KEY_UIApplicationSupportsIndirectInputEvents = YES;
				INFOPLIST_KEY_UILaunchStoryboardName = LaunchScreen;
				INFOPLIST_KEY_UIMainStoryboardFile = Main;
				INFOPLIST_KEY_UISupportedInterfaceOrientations_iPad = "UIInterfaceOrientationPortrait UIInterfaceOrientationPortraitUpsideDown UIInterfaceOrientationLandscapeLeft UIInterfaceOrientationLandscapeRight";
				INFOPLIST_KEY_UISupportedInterfaceOrientations_iPhone = "UIInterfaceOrientationPortrait UIInterfaceOrientationLandscapeLeft UIInterfaceOrientationLandscapeRight";
				LD_RUNPATH_SEARCH_PATHS = (
					"$(inherited)",
					"@executable_path/Frameworks",
				);
				MARKETING_VERSION = 1.0;
				PRODUCT_BUNDLE_IDENTIFIER = "com.myfirstproject.Github-user-ios";
				PRODUCT_NAME = "$(TARGET_NAME)";
				SWIFT_EMIT_LOC_STRINGS = YES;
				SWIFT_VERSION = 5.0;
				TARGETED_DEVICE_FAMILY = "1,2";
			};
			name = Release;
		};
/* End XCBuildConfiguration section */

/* Begin XCConfigurationList section */
		5D5B98292A53E85D00F56EE4 /* Build configuration list for PBXProject "Github_user_ios" */ = {
			isa = XCConfigurationList;
			buildConfigurations = (
				5D5B98402A53E85F00F56EE4 /* Debug */,
				5D5B98412A53E85F00F56EE4 /* Release */,
			);
			defaultConfigurationIsVisible = 0;
			defaultConfigurationName = Release;
		};
		5D5B98422A53E85F00F56EE4 /* Build configuration list for PBXNativeTarget "Github_user_ios" */ = {
			isa = XCConfigurationList;
			buildConfigurations = (
				5D5B98432A53E85F00F56EE4 /* Debug */,
				5D5B98442A53E85F00F56EE4 /* Release */,
			);
			defaultConfigurationIsVisible = 0;
			defaultConfigurationName = Release;
		};
/* End XCConfigurationList section */
	};
	rootObject = 5D5B98262A53E85D00F56EE4 /* Project object */;
}
